
Microsoft Visual Studio Solution File, Format Version 12.00
# Visual Studio Version 16
VisualStudioVersion = 16.0.29519.181
MinimumVisualStudioVersion = 10.0.40219.1
Project("{9A19103F-16F7-4668-BE54-9A1E7A4F7556}") = "CloudIsComing.Api", "CloudIsComing.Api\CloudIsComing.Api.csproj", "{72ADF5B0-097E-45F3-9E02-6549CEC21DA6}"
EndProject
Project("{2150E333-8FDC-42A3-9474-1A3956D46DE8}") = "Solution Items", "Solution Items", "{5FA17781-E9C4-46BE-B767-1D5F972A9691}"
	ProjectSection(SolutionItems) = preProject
		.dockerignore = .dockerignore
		dockerfile = dockerfile
	EndProjectSection
EndProject
Project("{9A19103F-16F7-4668-BE54-9A1E7A4F7556}") = "ApiTests", "ApiTests\ApiTests.csproj", "{23E1C361-7724-4B86-BF12-115DC93FCAEA}"
EndProject
Project("{2150E333-8FDC-42A3-9474-1A3956D46DE8}") = "infrastructure", "infrastructure", "{F5EC791A-D2F4-44B8-B301-0F687B925DB8}"
	ProjectSection(SolutionItems) = preProject
		infrastructure\deployment.yml = infrastructure\deployment.yml
		infrastructure\svc.yml = infrastructure\svc.yml
	EndProjectSection
EndProject
Global
	GlobalSection(SolutionConfigurationPlatforms) = preSolution
		Debug|Any CPU = Debug|Any CPU
		Release|Any CPU = Release|Any CPU
	EndGlobalSection
	GlobalSection(ProjectConfigurationPlatforms) = postSolution
		{72ADF5B0-097E-45F3-9E02-6549CEC21DA6}.Debug|Any CPU.ActiveCfg = Debug|Any CPU
		{72ADF5B0-097E-45F3-9E02-6549CEC21DA6}.Debug|Any CPU.Build.0 = Debug|Any CPU
		{72ADF5B0-097E-45F3-9E02-6549CEC21DA6}.Release|Any CPU.ActiveCfg = Release|Any CPU
		{72ADF5B0-097E-45F3-9E02-6549CEC21DA6}.Release|Any CPU.Build.0 = Release|Any CPU
		{23E1C361-7724-4B86-BF12-115DC93FCAEA}.Debug|Any CPU.ActiveCfg = Debug|Any CPU
		{23E1C361-7724-4B86-BF12-115DC93FCAEA}.Debug|Any CPU.Build.0 = Debug|Any CPU
		{23E1C361-7724-4B86-BF12-115DC93FCAEA}.Release|Any CPU.ActiveCfg = Release|Any CPU
		{23E1C361-7724-4B86-BF12-115DC93FCAEA}.Release|Any CPU.Build.0 = Release|Any CPU
	EndGlobalSection
	GlobalSection(SolutionProperties) = preSolution
		HideSolutionNode = FALSE
	EndGlobalSection
	GlobalSection(ExtensibilityGlobals) = postSolution
		SolutionGuid = {4AA433FD-632D-4DC2-A2C4-6977CF24EFCA}
	EndGlobalSection
EndGlobal
